
Microsoft Visual Studio Solution File, Format Version 12.00
# Visual Studio 15
VisualStudioVersion = 15.0.28307.757
MinimumVisualStudioVersion = 10.0.40219.1
Project("{FAE04EC0-301F-11D3-BF4B-00C04F79EFBC}") = "FootballBettingDB", "FootballBettingDB\FootballBettingDB.csproj", "{5656465C-C981-4FB9-8B8F-CE5B11083038}"
EndProject
Project("{FAE04EC0-301F-11D3-BF4B-00C04F79EFBC}") = "FootballBettingDB.Data", "FootballBettingDB.Data\FootballBettingDB.Data.csproj", "{676478B2-F7B6-47C3-9FC2-4852CFE20FD4}"
EndProject
Project("{FAE04EC0-301F-11D3-BF4B-00C04F79EFBC}") = "FootballBettingDB.Data.Models", "FootballBettingDB.Data.Models\FootballBettingDB.Data.Models.csproj", "{D0308B7B-8245-4024-809C-AB4DEBEA8DE2}"
EndProject
Global
	GlobalSection(SolutionConfigurationPlatforms) = preSolution
		Debug|Any CPU = Debug|Any CPU
		Release|Any CPU = Release|Any CPU
	EndGlobalSection
	GlobalSection(ProjectConfigurationPlatforms) = postSolution
		{5656465C-C981-4FB9-8B8F-CE5B11083038}.Debug|Any CPU.ActiveCfg = Debug|Any CPU
		{5656465C-C981-4FB9-8B8F-CE5B11083038}.Debug|Any CPU.Build.0 = Debug|Any CPU
		{5656465C-C981-4FB9-8B8F-CE5B11083038}.Release|Any CPU.ActiveCfg = Release|Any CPU
		{5656465C-C981-4FB9-8B8F-CE5B11083038}.Release|Any CPU.Build.0 = Release|Any CPU
		{676478B2-F7B6-47C3-9FC2-4852CFE20FD4}.Debug|Any CPU.ActiveCfg = Debug|Any CPU
		{676478B2-F7B6-47C3-9FC2-4852CFE20FD4}.Debug|Any CPU.Build.0 = Debug|Any CPU
		{676478B2-F7B6-47C3-9FC2-4852CFE20FD4}.Release|Any CPU.ActiveCfg = Release|Any CPU
		{676478B2-F7B6-47C3-9FC2-4852CFE20FD4}.Release|Any CPU.Build.0 = Release|Any CPU
		{D0308B7B-8245-4024-809C-AB4DEBEA8DE2}.Debug|Any CPU.ActiveCfg = Debug|Any CPU
		{D0308B7B-8245-4024-809C-AB4DEBEA8DE2}.Debug|Any CPU.Build.0 = Debug|Any CPU
		{D0308B7B-8245-4024-809C-AB4DEBEA8DE2}.Release|Any CPU.ActiveCfg = Release|Any CPU
		{D0308B7B-8245-4024-809C-AB4DEBEA8DE2}.Release|Any CPU.Build.0 = Release|Any CPU
	EndGlobalSection
	GlobalSection(SolutionProperties) = preSolution
		HideSolutionNode = FALSE
	EndGlobalSection
	GlobalSection(ExtensibilityGlobals) = postSolution
		SolutionGuid = {EE957BD8-2E2A-406F-A31F-A0C4DB681420}
	EndGlobalSection
EndGlobal
