
Microsoft Visual Studio Solution File, Format Version 12.00
# Visual Studio 15
VisualStudioVersion = 15.0.28307.757
MinimumVisualStudioVersion = 10.0.40219.1
Project("{FAE04EC0-301F-11D3-BF4B-00C04F79EFBC}") = "AdoDotNetFirstSteps", "AdoDotNetFirstSteps\AdoDotNetFirstSteps.csproj", "{13E9DC26-B9E2-458E-92E9-9F5A547B44C7}"
EndProject
Global
	GlobalSection(SolutionConfigurationPlatforms) = preSolution
		Debug|Any CPU = Debug|Any CPU
		Release|Any CPU = Release|Any CPU
	EndGlobalSection
	GlobalSection(ProjectConfigurationPlatforms) = postSolution
		{13E9DC26-B9E2-458E-92E9-9F5A547B44C7}.Debug|Any CPU.ActiveCfg = Debug|Any CPU
		{13E9DC26-B9E2-458E-92E9-9F5A547B44C7}.Debug|Any CPU.Build.0 = Debug|Any CPU
		{13E9DC26-B9E2-458E-92E9-9F5A547B44C7}.Release|Any CPU.ActiveCfg = Release|Any CPU
		{13E9DC26-B9E2-458E-92E9-9F5A547B44C7}.Release|Any CPU.Build.0 = Release|Any CPU
	EndGlobalSection
	GlobalSection(SolutionProperties) = preSolution
		HideSolutionNode = FALSE
	EndGlobalSection
	GlobalSection(ExtensibilityGlobals) = postSolution
		SolutionGuid = {A2C586F1-DC47-44F1-91E6-DE095797780D}
	EndGlobalSection
EndGlobal
