
Microsoft Visual Studio Solution File, Format Version 12.00
# Visual Studio Version 16
VisualStudioVersion = 16.0.30330.147
MinimumVisualStudioVersion = 10.0.40219.1
Project("{FAE04EC0-301F-11D3-BF4B-00C04F79EFBC}") = "Demo", "Demo\Demo.csproj", "{9022A383-622E-4059-B4D1-E843BAF044C1}"
EndProject
Global
	GlobalSection(SolutionConfigurationPlatforms) = preSolution
		Debug|Any CPU = Debug|Any CPU
		Release|Any CPU = Release|Any CPU
	EndGlobalSection
	GlobalSection(ProjectConfigurationPlatforms) = postSolution
		{9022A383-622E-4059-B4D1-E843BAF044C1}.Debug|Any CPU.ActiveCfg = Debug|Any CPU
		{9022A383-622E-4059-B4D1-E843BAF044C1}.Debug|Any CPU.Build.0 = Debug|Any CPU
		{9022A383-622E-4059-B4D1-E843BAF044C1}.Release|Any CPU.ActiveCfg = Release|Any CPU
		{9022A383-622E-4059-B4D1-E843BAF044C1}.Release|Any CPU.Build.0 = Release|Any CPU
	EndGlobalSection
	GlobalSection(SolutionProperties) = preSolution
		HideSolutionNode = FALSE
	EndGlobalSection
	GlobalSection(ExtensibilityGlobals) = postSolution
		SolutionGuid = {812730D3-2819-4957-9E8A-A9A9888DF82E}
	EndGlobalSection
EndGlobal
