
Microsoft Visual Studio Solution File, Format Version 12.00
# Visual Studio 15
VisualStudioVersion = 15.0.28307.757
MinimumVisualStudioVersion = 10.0.40219.1
Project("{FAE04EC0-301F-11D3-BF4B-00C04F79EFBC}") = "P01_HospitalDatabase", "P01_HospitalDatabase\P01_HospitalDatabase.csproj", "{CA7217B1-F5B0-4178-9988-193A2737FDED}"
EndProject
Project("{FAE04EC0-301F-11D3-BF4B-00C04F79EFBC}") = "P01_HospitalDatabase.Data", "P01_HospitalDatabase.Data\P01_HospitalDatabase.Data.csproj", "{7942F3AE-1B44-430F-A710-FEB31E87AC6E}"
EndProject
Project("{FAE04EC0-301F-11D3-BF4B-00C04F79EFBC}") = "P01_HospitalDatabase.Data.Models", "P01_HospitalDatabase.Data.Models\P01_HospitalDatabase.Data.Models.csproj", "{F5A9EF7B-0332-4EA4-A09E-1943EBC13592}"
EndProject
Global
	GlobalSection(SolutionConfigurationPlatforms) = preSolution
		Debug|Any CPU = Debug|Any CPU
		Release|Any CPU = Release|Any CPU
	EndGlobalSection
	GlobalSection(ProjectConfigurationPlatforms) = postSolution
		{CA7217B1-F5B0-4178-9988-193A2737FDED}.Debug|Any CPU.ActiveCfg = Debug|Any CPU
		{CA7217B1-F5B0-4178-9988-193A2737FDED}.Debug|Any CPU.Build.0 = Debug|Any CPU
		{CA7217B1-F5B0-4178-9988-193A2737FDED}.Release|Any CPU.ActiveCfg = Release|Any CPU
		{CA7217B1-F5B0-4178-9988-193A2737FDED}.Release|Any CPU.Build.0 = Release|Any CPU
		{7942F3AE-1B44-430F-A710-FEB31E87AC6E}.Debug|Any CPU.ActiveCfg = Debug|Any CPU
		{7942F3AE-1B44-430F-A710-FEB31E87AC6E}.Debug|Any CPU.Build.0 = Debug|Any CPU
		{7942F3AE-1B44-430F-A710-FEB31E87AC6E}.Release|Any CPU.ActiveCfg = Release|Any CPU
		{7942F3AE-1B44-430F-A710-FEB31E87AC6E}.Release|Any CPU.Build.0 = Release|Any CPU
		{F5A9EF7B-0332-4EA4-A09E-1943EBC13592}.Debug|Any CPU.ActiveCfg = Debug|Any CPU
		{F5A9EF7B-0332-4EA4-A09E-1943EBC13592}.Debug|Any CPU.Build.0 = Debug|Any CPU
		{F5A9EF7B-0332-4EA4-A09E-1943EBC13592}.Release|Any CPU.ActiveCfg = Release|Any CPU
		{F5A9EF7B-0332-4EA4-A09E-1943EBC13592}.Release|Any CPU.Build.0 = Release|Any CPU
	EndGlobalSection
	GlobalSection(SolutionProperties) = preSolution
		HideSolutionNode = FALSE
	EndGlobalSection
	GlobalSection(ExtensibilityGlobals) = postSolution
		SolutionGuid = {6E8D2F4F-F4E2-4E5D-A7F5-80C65863F9D1}
	EndGlobalSection
EndGlobal
